
Microsoft Visual Studio Solution File, Format Version 12.00
# Visual Studio Version 17
VisualStudioVersion = 17.5.33516.290
MinimumVisualStudioVersion = 10.0.40219.1
Project("{FAE04EC0-301F-11D3-BF4B-00C04F79EFBC}") = "Problem Statement 3", "Problem Statement 3\Problem Statement 3.csproj", "{F5393544-F066-47BE-8554-2C9F43F22E9D}"
EndProject
Global
	GlobalSection(SolutionConfigurationPlatforms) = preSolution
		Debug|Any CPU = Debug|Any CPU
		Release|Any CPU = Release|Any CPU
	EndGlobalSection
	GlobalSection(ProjectConfigurationPlatforms) = postSolution
		{F5393544-F066-47BE-8554-2C9F43F22E9D}.Debug|Any CPU.ActiveCfg = Debug|Any CPU
		{F5393544-F066-47BE-8554-2C9F43F22E9D}.Debug|Any CPU.Build.0 = Debug|Any CPU
		{F5393544-F066-47BE-8554-2C9F43F22E9D}.Release|Any CPU.ActiveCfg = Release|Any CPU
		{F5393544-F066-47BE-8554-2C9F43F22E9D}.Release|Any CPU.Build.0 = Release|Any CPU
	EndGlobalSection
	GlobalSection(SolutionProperties) = preSolution
		HideSolutionNode = FALSE
	EndGlobalSection
	GlobalSection(ExtensibilityGlobals) = postSolution
		SolutionGuid = {F972D31A-6046-4064-8177-CD64CC2340B2}
	EndGlobalSection
EndGlobal
